// !$*UTF8*$!
{
	archiveVersion = 1;
	classes = {
	};
	objectVersion = 50;
	objects = {

/* Begin PBXBuildFile section */
		5F10CF9024C44A4C0017B076 /* AppDelegate.swift in Sources */ = {isa = PBXBuildFile; fileRef = 5F10CF8F24C44A4C0017B076 /* AppDelegate.swift */; };
		5F10CF9224C44A4C0017B076 /* art.scnassets in Resources */ = {isa = PBXBuildFile; fileRef = 5F10CF9124C44A4C0017B076 /* art.scnassets */; };
		5F10CF9424C44A4C0017B076 /* ViewController.swift in Sources */ = {isa = PBXBuildFile; fileRef = 5F10CF9324C44A4C0017B076 /* ViewController.swift */; };
		5F10CF9724C44A4C0017B076 /* Main.storyboard in Resources */ = {isa = PBXBuildFile; fileRef = 5F10CF9524C44A4C0017B076 /* Main.storyboard */; };
		5F10CF9924C44A510017B076 /* Assets.xcassets in Resources */ = {isa = PBXBuildFile; fileRef = 5F10CF9824C44A510017B076 /* Assets.xcassets */; };
		5F10CF9C24C44A510017B076 /* LaunchScreen.storyboard in Resources */ = {isa = PBXBuildFile; fileRef = 5F10CF9A24C44A510017B076 /* LaunchScreen.storyboard */; };
		5F10CFA424C44C370017B076 /* dinosaur.mp4 in Resources */ = {isa = PBXBuildFile; fileRef = 5F10CFA324C44C370017B076 /* dinosaur.mp4 */; };
		5FD75F2624C5992B00B97558 /* DNA_Smoother_Mesh.usdz in Resources */ = {isa = PBXBuildFile; fileRef = 5FD75F2524C5992B00B97558 /* DNA_Smoother_Mesh.usdz */; };
		5FD75F2824C5993200B97558 /* Mathematic_Year6.usdz in Resources */ = {isa = PBXBuildFile; fileRef = 5FD75F2724C5993200B97558 /* Mathematic_Year6.usdz */; };
		5FD75F2A24C5995500B97558 /* SceneEnvVC.swift in Sources */ = {isa = PBXBuildFile; fileRef = 5FD75F2924C5995500B97558 /* SceneEnvVC.swift */; };
/* End PBXBuildFile section */

/* Begin PBXFileReference section */
		5F10CF8C24C44A4C0017B076 /* AvrenDemo.app */ = {isa = PBXFileReference; explicitFileType = wrapper.application; includeInIndex = 0; path = AvrenDemo.app; sourceTree = BUILT_PRODUCTS_DIR; };
		5F10CF8F24C44A4C0017B076 /* AppDelegate.swift */ = {isa = PBXFileReference; lastKnownFileType = sourcecode.swift; path = AppDelegate.swift; sourceTree = "<group>"; };
		5F10CF9124C44A4C0017B076 /* art.scnassets */ = {isa = PBXFileReference; lastKnownFileType = wrapper.scnassets; path = art.scnassets; sourceTree = "<group>"; };
		5F10CF9324C44A4C0017B076 /* ViewController.swift */ = {isa = PBXFileReference; lastKnownFileType = sourcecode.swift; path = ViewController.swift; sourceTree = "<group>"; };
		5F10CF9624C44A4C0017B076 /* Base */ = {isa = PBXFileReference; lastKnownFileType = file.storyboard; name = Base; path = Base.lproj/Main.storyboard; sourceTree = "<group>"; };
		5F10CF9824C44A510017B076 /* Assets.xcassets */ = {isa = PBXFileReference; lastKnownFileType = folder.assetcatalog; path = Assets.xcassets; sourceTree = "<group>"; };
		5F10CF9B24C44A510017B076 /* Base */ = {isa = PBXFileReference; lastKnownFileType = file.storyboard; name = Base; path = Base.lproj/LaunchScreen.storyboard; sourceTree = "<group>"; };
		5F10CF9D24C44A510017B076 /* Info.plist */ = {isa = PBXFileReference; lastKnownFileType = text.plist.xml; path = Info.plist; sourceTree = "<group>"; };
		5F10CFA324C44C370017B076 /* dinosaur.mp4 */ = {isa = PBXFileReference; lastKnownFileType = file; path = dinosaur.mp4; sourceTree = "<group>"; };
		5FD75F2524C5992B00B97558 /* DNA_Smoother_Mesh.usdz */ = {isa = PBXFileReference; lastKnownFileType = file.usdz; path = DNA_Smoother_Mesh.usdz; sourceTree = "<group>"; };
		5FD75F2724C5993200B97558 /* Mathematic_Year6.usdz */ = {isa = PBXFileReference; lastKnownFileType = file.usdz; path = Mathematic_Year6.usdz; sourceTree = "<group>"; };
		5FD75F2924C5995500B97558 /* SceneEnvVC.swift */ = {isa = PBXFileReference; lastKnownFileType = sourcecode.swift; path = SceneEnvVC.swift; sourceTree = "<group>"; };
/* End PBXFileReference section */

/* Begin PBXFrameworksBuildPhase section */
		5F10CF8924C44A4C0017B076 /* Frameworks */ = {
			isa = PBXFrameworksBuildPhase;
			buildActionMask = 2147483647;
			files = (
			);
			runOnlyForDeploymentPostprocessing = 0;
		};
/* End PBXFrameworksBuildPhase section */

/* Begin PBXGroup section */
		5F10CF8324C44A4C0017B076 = {
			isa = PBXGroup;
			children = (
				5F10CF8E24C44A4C0017B076 /* AvrenMVP */,
				5F10CF8D24C44A4C0017B076 /* Products */,
			);
			sourceTree = "<group>";
		};
		5F10CF8D24C44A4C0017B076 /* Products */ = {
			isa = PBXGroup;
			children = (
				5F10CF8C24C44A4C0017B076 /* AvrenDemo.app */,
			);
			name = Products;
			sourceTree = "<group>";
		};
		5F10CF8E24C44A4C0017B076 /* AvrenMVP */ = {
			isa = PBXGroup;
			children = (
				5F10CF8F24C44A4C0017B076 /* AppDelegate.swift */,
				5F10CF9124C44A4C0017B076 /* art.scnassets */,
				5F10CF9324C44A4C0017B076 /* ViewController.swift */,
				5FD75F2924C5995500B97558 /* SceneEnvVC.swift */,
				5F10CF9524C44A4C0017B076 /* Main.storyboard */,
				5F10CF9824C44A510017B076 /* Assets.xcassets */,
				5F10CFA324C44C370017B076 /* dinosaur.mp4 */,
				5F10CF9A24C44A510017B076 /* LaunchScreen.storyboard */,
				5FD75F2524C5992B00B97558 /* DNA_Smoother_Mesh.usdz */,
				5FD75F2724C5993200B97558 /* Mathematic_Year6.usdz */,
				5F10CF9D24C44A510017B076 /* Info.plist */,
			);
			path = AvrenMVP;
			sourceTree = "<group>";
		};
/* End PBXGroup section */

/* Begin PBXNativeTarget section */
		5F10CF8B24C44A4C0017B076 /* AvrenDemo */ = {
			isa = PBXNativeTarget;
			buildConfigurationList = 5F10CFA024C44A510017B076 /* Build configuration list for PBXNativeTarget "AvrenDemo" */;
			buildPhases = (
				5F10CF8824C44A4C0017B076 /* Sources */,
				5F10CF8924C44A4C0017B076 /* Frameworks */,
				5F10CF8A24C44A4C0017B076 /* Resources */,
			);
			buildRules = (
			);
			dependencies = (
			);
			name = AvrenDemo;
			productName = AvrenMVP;
			productReference = 5F10CF8C24C44A4C0017B076 /* AvrenDemo.app */;
			productType = "com.apple.product-type.application";
		};
/* End PBXNativeTarget section */

/* Begin PBXProject section */
		5F10CF8424C44A4C0017B076 /* Project object */ = {
			isa = PBXProject;
			attributes = {
				LastSwiftUpdateCheck = 1150;
				LastUpgradeCheck = 1200;
				ORGANIZATIONNAME = "Mohammad Gharari";
				TargetAttributes = {
					5F10CF8B24C44A4C0017B076 = {
						CreatedOnToolsVersion = 11.5;
					};
				};
			};
			buildConfigurationList = 5F10CF8724C44A4C0017B076 /* Build configuration list for PBXProject "AvrenDemo" */;
			compatibilityVersion = "Xcode 9.3";
			developmentRegion = en;
			hasScannedForEncodings = 0;
			knownRegions = (
				en,
				Base,
			);
			mainGroup = 5F10CF8324C44A4C0017B076;
			productRefGroup = 5F10CF8D24C44A4C0017B076 /* Products */;
			projectDirPath = "";
			projectRoot = "";
			targets = (
				5F10CF8B24C44A4C0017B076 /* AvrenDemo */,
			);
		};
/* End PBXProject section */

/* Begin PBXResourcesBuildPhase section */
		5F10CF8A24C44A4C0017B076 /* Resources */ = {
			isa = PBXResourcesBuildPhase;
			buildActionMask = 2147483647;
			files = (
				5F10CF9224C44A4C0017B076 /* art.scnassets in Resources */,
				5F10CF9C24C44A510017B076 /* LaunchScreen.storyboard in Resources */,
				5F10CFA424C44C370017B076 /* dinosaur.mp4 in Resources */,
				5F10CF9924C44A510017B076 /* Assets.xcassets in Resources */,
				5F10CF9724C44A4C0017B076 /* Main.storyboard in Resources */,
				5FD75F2824C5993200B97558 /* Mathematic_Year6.usdz in Resources */,
				5FD75F2624C5992B00B97558 /* DNA_Smoother_Mesh.usdz in Resources */,
			);
			runOnlyForDeploymentPostprocessing = 0;
		};
/* End PBXResourcesBuildPhase section */

/* Begin PBXSourcesBuildPhase section */
		5F10CF8824C44A4C0017B076 /* Sources */ = {
			isa = PBXSourcesBuildPhase;
			buildActionMask = 2147483647;
			files = (
				5F10CF9424C44A4C0017B076 /* ViewController.swift in Sources */,
				5FD75F2A24C5995500B97558 /* SceneEnvVC.swift in Sources */,
				5F10CF9024C44A4C0017B076 /* AppDelegate.swift in Sources */,
			);
			runOnlyForDeploymentPostprocessing = 0;
		};
/* End PBXSourcesBuildPhase section */

/* Begin PBXVariantGroup section */
		5F10CF9524C44A4C0017B076 /* Main.storyboard */ = {
			isa = PBXVariantGroup;
			children = (
				5F10CF9624C44A4C0017B076 /* Base */,
			);
			name = Main.storyboard;
			sourceTree = "<group>";
		};
		5F10CF9A24C44A510017B076 /* LaunchScreen.storyboard */ = {
			isa = PBXVariantGroup;
			children = (
				5F10CF9B24C44A510017B076 /* Base */,
			);
			name = LaunchScreen.storyboard;
			sourceTree = "<group>";
		};
/* End PBXVariantGroup section */

/* Begin XCBuildConfiguration section */
		5F10CF9E24C44A510017B076 /* Debug */ = {
			isa = XCBuildConfiguration;
			buildSettings = {
				ALWAYS_SEARCH_USER_PATHS = NO;
				CLANG_ANALYZER_NONNULL = YES;
				CLANG_ANALYZER_NUMBER_OBJECT_CONVERSION = YES_AGGRESSIVE;
				CLANG_CXX_LANGUAGE_STANDARD = "gnu++14";
				CLANG_CXX_LIBRARY = "libc++";
				CLANG_ENABLE_MODULES = YES;
				CLANG_ENABLE_OBJC_ARC = YES;
				CLANG_ENABLE_OBJC_WEAK = YES;
				CLANG_WARN_BLOCK_CAPTURE_AUTORELEASING = YES;
				CLANG_WARN_BOOL_CONVERSION = YES;
				CLANG_WARN_COMMA = YES;
				CLANG_WARN_CONSTANT_CONVERSION = YES;
				CLANG_WARN_DEPRECATED_OBJC_IMPLEMENTATIONS = YES;
				CLANG_WARN_DIRECT_OBJC_ISA_USAGE = YES_ERROR;
				CLANG_WARN_DOCUMENTATION_COMMENTS = YES;
				CLANG_WARN_EMPTY_BODY = YES;
				CLANG_WARN_ENUM_CONVERSION = YES;
				CLANG_WARN_INFINITE_RECURSION = YES;
				CLANG_WARN_INT_CONVERSION = YES;
				CLANG_WARN_NON_LITERAL_NULL_CONVERSION = YES;
				CLANG_WARN_OBJC_IMPLICIT_RETAIN_SELF = YES;
				CLANG_WARN_OBJC_LITERAL_CONVERSION = YES;
				CLANG_WARN_OBJC_ROOT_CLASS = YES_ERROR;
				CLANG_WARN_QUOTED_INCLUDE_IN_FRAMEWORK_HEADER = YES;
				CLANG_WARN_RANGE_LOOP_ANALYSIS = YES;
				CLANG_WARN_STRICT_PROTOTYPES = YES;
				CLANG_WARN_SUSPICIOUS_MOVE = YES;
				CLANG_WARN_UNGUARDED_AVAILABILITY = YES_AGGRESSIVE;
				CLANG_WARN_UNREACHABLE_CODE = YES;
				CLANG_WARN__DUPLICATE_METHOD_MATCH = YES;
				COPY_PHASE_STRIP = NO;
				DEBUG_INFORMATION_FORMAT = dwarf;
				ENABLE_STRICT_OBJC_MSGSEND = YES;
				ENABLE_TESTABILITY = YES;
				GCC_C_LANGUAGE_STANDARD = gnu11;
				GCC_DYNAMIC_NO_PIC = NO;
				GCC_NO_COMMON_BLOCKS = YES;
				GCC_OPTIMIZATION_LEVEL = 0;
				GCC_PREPROCESSOR_DEFINITIONS = (
					"DEBUG=1",
					"$(inherited)",
				);
				GCC_WARN_64_TO_32_BIT_CONVERSION = YES;
				GCC_WARN_ABOUT_RETURN_TYPE = YES_ERROR;
				GCC_WARN_UNDECLARED_SELECTOR = YES;
				GCC_WARN_UNINITIALIZED_AUTOS = YES_AGGRESSIVE;
				GCC_WARN_UNUSED_FUNCTION = YES;
				GCC_WARN_UNUSED_VARIABLE = YES;
				IPHONEOS_DEPLOYMENT_TARGET = 13.5;
				MTL_ENABLE_DEBUG_INFO = INCLUDE_SOURCE;
				MTL_FAST_MATH = YES;
				ONLY_ACTIVE_ARCH = YES;
				SDKROOT = iphoneos;
				SWIFT_ACTIVE_COMPILATION_CONDITIONS = DEBUG;
				SWIFT_OPTIMIZATION_LEVEL = "-Onone";
			};
			name = Debug;
		};
		5F10CF9F24C44A510017B076 /* Release */ = {
			isa = XCBuildConfiguration;
			buildSettings = {
				ALWAYS_SEARCH_USER_PATHS = NO;
				CLANG_ANALYZER_NONNULL = YES;
				CLANG_ANALYZER_NUMBER_OBJECT_CONVERSION = YES_AGGRESSIVE;
				CLANG_CXX_LANGUAGE_STANDARD = "gnu++14";
				CLANG_CXX_LIBRARY = "libc++";
				CLANG_ENABLE_MODULES = YES;
				CLANG_ENABLE_OBJC_ARC = YES;
				CLANG_ENABLE_OBJC_WEAK = YES;
				CLANG_WARN_BLOCK_CAPTURE_AUTORELEASING = YES;
				CLANG_WARN_BOOL_CONVERSION = YES;
				CLANG_WARN_COMMA = YES;
				CLANG_WARN_CONSTANT_CONVERSION = YES;
				CLANG_WARN_DEPRECATED_OBJC_IMPLEMENTATIONS = YES;
				CLANG_WARN_DIRECT_OBJC_ISA_USAGE = YES_ERROR;
				CLANG_WARN_DOCUMENTATION_COMMENTS = YES;
				CLANG_WARN_EMPTY_BODY = YES;
				CLANG_WARN_ENUM_CONVERSION = YES;
				CLANG_WARN_INFINITE_RECURSION = YES;
				CLANG_WARN_INT_CONVERSION = YES;
				CLANG_WARN_NON_LITERAL_NULL_CONVERSION = YES;
				CLANG_WARN_OBJC_IMPLICIT_RETAIN_SELF = YES;
				CLANG_WARN_OBJC_LITERAL_CONVERSION = YES;
				CLANG_WARN_OBJC_ROOT_CLASS = YES_ERROR;
				CLANG_WARN_QUOTED_INCLUDE_IN_FRAMEWORK_HEADER = YES;
				CLANG_WARN_RANGE_LOOP_ANALYSIS = YES;
				CLANG_WARN_STRICT_PROTOTYPES = YES;
				CLANG_WARN_SUSPICIOUS_MOVE = YES;
				CLANG_WARN_UNGUARDED_AVAILABILITY = YES_AGGRESSIVE;
				CLANG_WARN_UNREACHABLE_CODE = YES;
				CLANG_WARN__DUPLICATE_METHOD_MATCH = YES;
				COPY_PHASE_STRIP = NO;
				DEBUG_INFORMATION_FORMAT = "dwarf-with-dsym";
				ENABLE_NS_ASSERTIONS = NO;
				ENABLE_STRICT_OBJC_MSGSEND = YES;
				GCC_C_LANGUAGE_STANDARD = gnu11;
				GCC_NO_COMMON_BLOCKS = YES;
				GCC_WARN_64_TO_32_BIT_CONVERSION = YES;
				GCC_WARN_ABOUT_RETURN_TYPE = YES_ERROR;
				GCC_WARN_UNDECLARED_SELECTOR = YES;
				GCC_WARN_UNINITIALIZED_AUTOS = YES_AGGRESSIVE;
				GCC_WARN_UNUSED_FUNCTION = YES;
				GCC_WARN_UNUSED_VARIABLE = YES;
				IPHONEOS_DEPLOYMENT_TARGET = 13.5;
				MTL_ENABLE_DEBUG_INFO = NO;
				MTL_FAST_MATH = YES;
				SDKROOT = iphoneos;
				SWIFT_COMPILATION_MODE = wholemodule;
				SWIFT_OPTIMIZATION_LEVEL = "-O";
				VALIDATE_PRODUCT = YES;
			};
			name = Release;
		};
		5F10CFA124C44A510017B076 /* Debug */ = {
			isa = XCBuildConfiguration;
			buildSettings = {
				ASSETCATALOG_COMPILER_APPICON_NAME = AppIcon;
				CODE_SIGN_STYLE = Automatic;
				DEVELOPMENT_TEAM = TTH7P953CP;
				INFOPLIST_FILE = AvrenMVP/Info.plist;
				LD_RUNPATH_SEARCH_PATHS = (
					"$(inherited)",
					"@executable_path/Frameworks",
				);
				PRODUCT_BUNDLE_IDENTIFIER = gharary.AvrenDemo;
				PRODUCT_NAME = "$(TARGET_NAME)";
				SWIFT_VERSION = 5.0;
				TARGETED_DEVICE_FAMILY = "1,2";
			};
			name = Debug;
		};
		5F10CFA224C44A510017B076 /* Release */ = {
			isa = XCBuildConfiguration;
			buildSettings = {
				ASSETCATALOG_COMPILER_APPICON_NAME = AppIcon;
				CODE_SIGN_STYLE = Automatic;
				DEVELOPMENT_TEAM = TTH7P953CP;
				INFOPLIST_FILE = AvrenMVP/Info.plist;
				LD_RUNPATH_SEARCH_PATHS = (
					"$(inherited)",
					"@executable_path/Frameworks",
				);
				PRODUCT_BUNDLE_IDENTIFIER = gharary.AvrenDemo;
				PRODUCT_NAME = "$(TARGET_NAME)";
				SWIFT_VERSION = 5.0;
				TARGETED_DEVICE_FAMILY = "1,2";
			};
			name = Release;
		};
/* End XCBuildConfiguration section */

/* Begin XCConfigurationList section */
		5F10CF8724C44A4C0017B076 /* Build configuration list for PBXProject "AvrenDemo" */ = {
			isa = XCConfigurationList;
			buildConfigurations = (
				5F10CF9E24C44A510017B076 /* Debug */,
				5F10CF9F24C44A510017B076 /* Release */,
			);
			defaultConfigurationIsVisible = 0;
			defaultConfigurationName = Release;
		};
		5F10CFA024C44A510017B076 /* Build configuration list for PBXNativeTarget "AvrenDemo" */ = {
			isa = XCConfigurationList;
			buildConfigurations = (
				5F10CFA124C44A510017B076 /* Debug */,
				5F10CFA224C44A510017B076 /* Release */,
			);
			defaultConfigurationIsVisible = 0;
			defaultConfigurationName = Release;
		};
/* End XCConfigurationList section */
	};
	rootObject = 5F10CF8424C44A4C0017B076 /* Project object */;
}
